// !$*UTF8*$!
{
	archiveVersion = 1;
	classes = {
	};
	objectVersion = 46;
	objects = {

/* Begin PBXBuildFile section */
		1D520E7F1B2E807A00E5E5DE /* NEUBaseTabBarController.m in Sources */ = {isa = PBXBuildFile; fileRef = 1D520E7E1B2E807A00E5E5DE /* NEUBaseTabBarController.m */; };
		1D520E871B2E814E00E5E5DE /* NEUMainPageViewController.m in Sources */ = {isa = PBXBuildFile; fileRef = 1D520E861B2E814E00E5E5DE /* NEUMainPageViewController.m */; };
		1D520E891B2E890B00E5E5DE /* NEUOnLinePractice.storyboard in Resources */ = {isa = PBXBuildFile; fileRef = 1D520E881B2E890B00E5E5DE /* NEUOnLinePractice.storyboard */; };
		1D520E8B1B2E892700E5E5DE /* NEUOnLineFindWork.storyboard in Resources */ = {isa = PBXBuildFile; fileRef = 1D520E8A1B2E892700E5E5DE /* NEUOnLineFindWork.storyboard */; };
		1D520E8D1B2E894800E5E5DE /* NEUOnLineStudy.storyboard in Resources */ = {isa = PBXBuildFile; fileRef = 1D520E8C1B2E894800E5E5DE /* NEUOnLineStudy.storyboard */; };
		1D520E8F1B2E895900E5E5DE /* NEUOnLineTest.storyboard in Resources */ = {isa = PBXBuildFile; fileRef = 1D520E8E1B2E895900E5E5DE /* NEUOnLineTest.storyboard */; };
		1D520E921B2E8A0200E5E5DE /* NEUBaseNavigationController.m in Sources */ = {isa = PBXBuildFile; fileRef = 1D520E911B2E8A0200E5E5DE /* NEUBaseNavigationController.m */; };
		1D520E961B2E8A4100E5E5DE /* NEUOnLineStudyBaseNavController.m in Sources */ = {isa = PBXBuildFile; fileRef = 1D520E951B2E8A4100E5E5DE /* NEUOnLineStudyBaseNavController.m */; };
		1D520E9A1B2E8AD500E5E5DE /* NEUOnLineStduyViewController.m in Sources */ = {isa = PBXBuildFile; fileRef = 1D520E991B2E8AD500E5E5DE /* NEUOnLineStduyViewController.m */; };
		1D968B671B26EEF70054F071 /* AFAppDotNetAPIClient.m in Sources */ = {isa = PBXBuildFile; fileRef = 1D968B5A1B26EEF70054F071 /* AFAppDotNetAPIClient.m */; };
		1D968B681B26EEF70054F071 /* AFNetworkActivityLogger.m in Sources */ = {isa = PBXBuildFile; fileRef = 1D968B5C1B26EEF70054F071 /* AFNetworkActivityLogger.m */; };
		1D968B691B26EEF70054F071 /* JSONHelper.m in Sources */ = {isa = PBXBuildFile; fileRef = 1D968B5E1B26EEF70054F071 /* JSONHelper.m */; };
		1D968B6A1B26EEF70054F071 /* NetworkHelper.m in Sources */ = {isa = PBXBuildFile; fileRef = 1D968B601B26EEF70054F071 /* NetworkHelper.m */; };
		1D968B6E1B26EF2B0054F071 /* NEULogonViewController.m in Sources */ = {isa = PBXBuildFile; fileRef = 1D968B6D1B26EF2B0054F071 /* NEULogonViewController.m */; };
		1D968B721B26F18E0054F071 /* FileManagerHelper.m in Sources */ = {isa = PBXBuildFile; fileRef = 1D968B711B26F18E0054F071 /* FileManagerHelper.m */; };
		1D968B781B278E400054F071 /* CoreDataStorageController.m in Sources */ = {isa = PBXBuildFile; fileRef = 1D968B771B278E400054F071 /* CoreDataStorageController.m */; };
		1D968B7B1B2798E50054F071 /* NEUStudyRecord.xcdatamodeld in Sources */ = {isa = PBXBuildFile; fileRef = 1D968B791B2798E50054F071 /* NEUStudyRecord.xcdatamodeld */; };
		1D968B801B279A2F0054F071 /* ClassStudyRecord.m in Sources */ = {isa = PBXBuildFile; fileRef = 1D968B7F1B279A2F0054F071 /* ClassStudyRecord.m */; };
		1D968B871B27ECFD0054F071 /* NEUBaseViewController.m in Sources */ = {isa = PBXBuildFile; fileRef = 1D968B861B27ECFD0054F071 /* NEUBaseViewController.m */; };
		1D968B8B1B28192F0054F071 /* NEUWebRequestTool.m in Sources */ = {isa = PBXBuildFile; fileRef = 1D968B8A1B28192F0054F071 /* NEUWebRequestTool.m */; };
		1DE1AC391B2687D900AB6CC9 /* main.m in Sources */ = {isa = PBXBuildFile; fileRef = 1DE1AC381B2687D900AB6CC9 /* main.m */; };
		1DE1AC3C1B2687D900AB6CC9 /* AppDelegate.m in Sources */ = {isa = PBXBuildFile; fileRef = 1DE1AC3B1B2687D900AB6CC9 /* AppDelegate.m */; };
		1DE1AC421B2687D900AB6CC9 /* Main.storyboard in Resources */ = {isa = PBXBuildFile; fileRef = 1DE1AC401B2687D900AB6CC9 /* Main.storyboard */; };
		1DE1AC441B2687D900AB6CC9 /* Images.xcassets in Resources */ = {isa = PBXBuildFile; fileRef = 1DE1AC431B2687D900AB6CC9 /* Images.xcassets */; };
		1DE1AC531B2687D900AB6CC9 /* RuidaoOnlineDemoTests.m in Sources */ = {isa = PBXBuildFile; fileRef = 1DE1AC521B2687D900AB6CC9 /* RuidaoOnlineDemoTests.m */; };
		482DF37BE1B7D7E5A2E54FE0 /* libPods.a in Frameworks */ = {isa = PBXBuildFile; fileRef = D29DC1417F17B4DF62EA24FE /* libPods.a */; };
/* End PBXBuildFile section */

/* Begin PBXContainerItemProxy section */
		1DE1AC4D1B2687D900AB6CC9 /* PBXContainerItemProxy */ = {
			isa = PBXContainerItemProxy;
			containerPortal = 1DE1AC2B1B2687D900AB6CC9 /* Project object */;
			proxyType = 1;
			remoteGlobalIDString = 1DE1AC321B2687D900AB6CC9;
			remoteInfo = RuidaoOnlineDemo;
		};
/* End PBXContainerItemProxy section */

/* Begin PBXFileReference section */
		1D520E7D1B2E807A00E5E5DE /* NEUBaseTabBarController.h */ = {isa = PBXFileReference; fileEncoding = 4; lastKnownFileType = sourcecode.c.h; path = NEUBaseTabBarController.h; sourceTree = "<group>"; };
		1D520E7E1B2E807A00E5E5DE /* NEUBaseTabBarController.m */ = {isa = PBXFileReference; fileEncoding = 4; lastKnownFileType = sourcecode.c.objc; path = NEUBaseTabBarController.m; sourceTree = "<group>"; };
		1D520E851B2E814E00E5E5DE /* NEUMainPageViewController.h */ = {isa = PBXFileReference; fileEncoding = 4; lastKnownFileType = sourcecode.c.h; path = NEUMainPageViewController.h; sourceTree = "<group>"; };
		1D520E861B2E814E00E5E5DE /* NEUMainPageViewController.m */ = {isa = PBXFileReference; fileEncoding = 4; lastKnownFileType = sourcecode.c.objc; path = NEUMainPageViewController.m; sourceTree = "<group>"; };
		1D520E881B2E890B00E5E5DE /* NEUOnLinePractice.storyboard */ = {isa = PBXFileReference; fileEncoding = 4; lastKnownFileType = file.storyboard; path = NEUOnLinePractice.storyboard; sourceTree = "<group>"; };
		1D520E8A1B2E892700E5E5DE /* NEUOnLineFindWork.storyboard */ = {isa = PBXFileReference; fileEncoding = 4; lastKnownFileType = file.storyboard; path = NEUOnLineFindWork.storyboard; sourceTree = "<group>"; };
		1D520E8C1B2E894800E5E5DE /* NEUOnLineStudy.storyboard */ = {isa = PBXFileReference; fileEncoding = 4; lastKnownFileType = file.storyboard; path = NEUOnLineStudy.storyboard; sourceTree = "<group>"; };
		1D520E8E1B2E895900E5E5DE /* NEUOnLineTest.storyboard */ = {isa = PBXFileReference; fileEncoding = 4; lastKnownFileType = file.storyboard; path = NEUOnLineTest.storyboard; sourceTree = "<group>"; };
		1D520E901B2E8A0200E5E5DE /* NEUBaseNavigationController.h */ = {isa = PBXFileReference; fileEncoding = 4; lastKnownFileType = sourcecode.c.h; path = NEUBaseNavigationController.h; sourceTree = "<group>"; };
		1D520E911B2E8A0200E5E5DE /* NEUBaseNavigationController.m */ = {isa = PBXFileReference; fileEncoding = 4; lastKnownFileType = sourcecode.c.objc; path = NEUBaseNavigationController.m; sourceTree = "<group>"; };
		1D520E941B2E8A4100E5E5DE /* NEUOnLineStudyBaseNavController.h */ = {isa = PBXFileReference; fileEncoding = 4; lastKnownFileType = sourcecode.c.h; path = NEUOnLineStudyBaseNavController.h; sourceTree = "<group>"; };
		1D520E951B2E8A4100E5E5DE /* NEUOnLineStudyBaseNavController.m */ = {isa = PBXFileReference; fileEncoding = 4; lastKnownFileType = sourcecode.c.objc; path = NEUOnLineStudyBaseNavController.m; sourceTree = "<group>"; };
		1D520E981B2E8AD500E5E5DE /* NEUOnLineStduyViewController.h */ = {isa = PBXFileReference; fileEncoding = 4; lastKnownFileType = sourcecode.c.h; path = NEUOnLineStduyViewController.h; sourceTree = "<group>"; };
		1D520E991B2E8AD500E5E5DE /* NEUOnLineStduyViewController.m */ = {isa = PBXFileReference; fileEncoding = 4; lastKnownFileType = sourcecode.c.objc; path = NEUOnLineStduyViewController.m; sourceTree = "<group>"; };
		1D968B591B26EEF70054F071 /* AFAppDotNetAPIClient.h */ = {isa = PBXFileReference; fileEncoding = 4; lastKnownFileType = sourcecode.c.h; path = AFAppDotNetAPIClient.h; sourceTree = "<group>"; };
		1D968B5A1B26EEF70054F071 /* AFAppDotNetAPIClient.m */ = {isa = PBXFileReference; fileEncoding = 4; lastKnownFileType = sourcecode.c.objc; path = AFAppDotNetAPIClient.m; sourceTree = "<group>"; };
		1D968B5B1B26EEF70054F071 /* AFNetworkActivityLogger.h */ = {isa = PBXFileReference; fileEncoding = 4; lastKnownFileType = sourcecode.c.h; path = AFNetworkActivityLogger.h; sourceTree = "<group>"; };
		1D968B5C1B26EEF70054F071 /* AFNetworkActivityLogger.m */ = {isa = PBXFileReference; fileEncoding = 4; lastKnownFileType = sourcecode.c.objc; path = AFNetworkActivityLogger.m; sourceTree = "<group>"; };
		1D968B5D1B26EEF70054F071 /* JSONHelper.h */ = {isa = PBXFileReference; fileEncoding = 4; lastKnownFileType = sourcecode.c.h; path = JSONHelper.h; sourceTree = "<group>"; };
		1D968B5E1B26EEF70054F071 /* JSONHelper.m */ = {isa = PBXFileReference; fileEncoding = 4; lastKnownFileType = sourcecode.c.objc; path = JSONHelper.m; sourceTree = "<group>"; };
		1D968B5F1B26EEF70054F071 /* NetworkHelper.h */ = {isa = PBXFileReference; fileEncoding = 4; lastKnownFileType = sourcecode.c.h; path = NetworkHelper.h; sourceTree = "<group>"; };
		1D968B601B26EEF70054F071 /* NetworkHelper.m */ = {isa = PBXFileReference; fileEncoding = 4; lastKnownFileType = sourcecode.c.objc; path = NetworkHelper.m; sourceTree = "<group>"; };
		1D968B6C1B26EF2B0054F071 /* NEULogonViewController.h */ = {isa = PBXFileReference; fileEncoding = 4; lastKnownFileType = sourcecode.c.h; path = NEULogonViewController.h; sourceTree = "<group>"; };
		1D968B6D1B26EF2B0054F071 /* NEULogonViewController.m */ = {isa = PBXFileReference; fileEncoding = 4; lastKnownFileType = sourcecode.c.objc; path = NEULogonViewController.m; sourceTree = "<group>"; };
		1D968B701B26F18E0054F071 /* FileManagerHelper.h */ = {isa = PBXFileReference; fileEncoding = 4; lastKnownFileType = sourcecode.c.h; path = FileManagerHelper.h; sourceTree = "<group>"; };
		1D968B711B26F18E0054F071 /* FileManagerHelper.m */ = {isa = PBXFileReference; fileEncoding = 4; lastKnownFileType = sourcecode.c.objc; path = FileManagerHelper.m; sourceTree = "<group>"; };
		1D968B741B278CEE0054F071 /* Constants.h */ = {isa = PBXFileReference; fileEncoding = 4; lastKnownFileType = sourcecode.c.h; path = Constants.h; sourceTree = "<group>"; };
		1D968B761B278E400054F071 /* CoreDataStorageController.h */ = {isa = PBXFileReference; fileEncoding = 4; lastKnownFileType = sourcecode.c.h; path = CoreDataStorageController.h; sourceTree = "<group>"; };
		1D968B771B278E400054F071 /* CoreDataStorageController.m */ = {isa = PBXFileReference; fileEncoding = 4; lastKnownFileType = sourcecode.c.objc; path = CoreDataStorageController.m; sourceTree = "<group>"; };
		1D968B7A1B2798E50054F071 /* NEUStudyRecord.xcdatamodel */ = {isa = PBXFileReference; lastKnownFileType = wrapper.xcdatamodel; path = NEUStudyRecord.xcdatamodel; sourceTree = "<group>"; };
		1D968B7E1B279A2F0054F071 /* ClassStudyRecord.h */ = {isa = PBXFileReference; fileEncoding = 4; lastKnownFileType = sourcecode.c.h; path = ClassStudyRecord.h; sourceTree = "<group>"; };
		1D968B7F1B279A2F0054F071 /* ClassStudyRecord.m */ = {isa = PBXFileReference; fileEncoding = 4; lastKnownFileType = sourcecode.c.objc; path = ClassStudyRecord.m; sourceTree = "<group>"; };
		1D968B841B27A38B0054F071 /* NEULog.h */ = {isa = PBXFileReference; fileEncoding = 4; lastKnownFileType = sourcecode.c.h; path = NEULog.h; sourceTree = "<group>"; };
		1D968B851B27ECFD0054F071 /* NEUBaseViewController.h */ = {isa = PBXFileReference; fileEncoding = 4; lastKnownFileType = sourcecode.c.h; path = NEUBaseViewController.h; sourceTree = "<group>"; };
		1D968B861B27ECFD0054F071 /* NEUBaseViewController.m */ = {isa = PBXFileReference; fileEncoding = 4; lastKnownFileType = sourcecode.c.objc; path = NEUBaseViewController.m; sourceTree = "<group>"; };
		1D968B891B28192F0054F071 /* NEUWebRequestTool.h */ = {isa = PBXFileReference; fileEncoding = 4; lastKnownFileType = sourcecode.c.h; path = NEUWebRequestTool.h; sourceTree = "<group>"; };
		1D968B8A1B28192F0054F071 /* NEUWebRequestTool.m */ = {isa = PBXFileReference; fileEncoding = 4; lastKnownFileType = sourcecode.c.objc; path = NEUWebRequestTool.m; sourceTree = "<group>"; };
		1D968B8C1B2819F40054F071 /* NEUWebAPI.h */ = {isa = PBXFileReference; lastKnownFileType = sourcecode.c.h; path = NEUWebAPI.h; sourceTree = "<group>"; };
		1DE1AC331B2687D900AB6CC9 /* RuidaoOnlineDemo.app */ = {isa = PBXFileReference; explicitFileType = wrapper.application; includeInIndex = 0; path = RuidaoOnlineDemo.app; sourceTree = BUILT_PRODUCTS_DIR; };
		1DE1AC371B2687D900AB6CC9 /* Info.plist */ = {isa = PBXFileReference; lastKnownFileType = text.plist.xml; path = Info.plist; sourceTree = "<group>"; };
		1DE1AC381B2687D900AB6CC9 /* main.m */ = {isa = PBXFileReference; lastKnownFileType = sourcecode.c.objc; path = main.m; sourceTree = "<group>"; };
		1DE1AC3A1B2687D900AB6CC9 /* AppDelegate.h */ = {isa = PBXFileReference; lastKnownFileType = sourcecode.c.h; path = AppDelegate.h; sourceTree = "<group>"; };
		1DE1AC3B1B2687D900AB6CC9 /* AppDelegate.m */ = {isa = PBXFileReference; lastKnownFileType = sourcecode.c.objc; path = AppDelegate.m; sourceTree = "<group>"; };
		1DE1AC411B2687D900AB6CC9 /* Base */ = {isa = PBXFileReference; lastKnownFileType = file.storyboard; name = Base; path = Base.lproj/Main.storyboard; sourceTree = "<group>"; };
		1DE1AC431B2687D900AB6CC9 /* Images.xcassets */ = {isa = PBXFileReference; lastKnownFileType = folder.assetcatalog; path = Images.xcassets; sourceTree = "<group>"; };
		1DE1AC4C1B2687D900AB6CC9 /* RuidaoOnlineDemoTests.xctest */ = {isa = PBXFileReference; explicitFileType = wrapper.cfbundle; includeInIndex = 0; path = RuidaoOnlineDemoTests.xctest; sourceTree = BUILT_PRODUCTS_DIR; };
		1DE1AC511B2687D900AB6CC9 /* Info.plist */ = {isa = PBXFileReference; lastKnownFileType = text.plist.xml; path = Info.plist; sourceTree = "<group>"; };
		1DE1AC521B2687D900AB6CC9 /* RuidaoOnlineDemoTests.m */ = {isa = PBXFileReference; lastKnownFileType = sourcecode.c.objc; path = RuidaoOnlineDemoTests.m; sourceTree = "<group>"; };
		5031D42588ABCBB70D4CC33B /* Pods.release.xcconfig */ = {isa = PBXFileReference; includeInIndex = 1; lastKnownFileType = text.xcconfig; name = Pods.release.xcconfig; path = "Pods/Target Support Files/Pods/Pods.release.xcconfig"; sourceTree = "<group>"; };
		62BBBEDBE1769106734605F4 /* Pods.debug.xcconfig */ = {isa = PBXFileReference; includeInIndex = 1; lastKnownFileType = text.xcconfig; name = Pods.debug.xcconfig; path = "Pods/Target Support Files/Pods/Pods.debug.xcconfig"; sourceTree = "<group>"; };
		D29DC1417F17B4DF62EA24FE /* libPods.a */ = {isa = PBXFileReference; explicitFileType = archive.ar; includeInIndex = 0; path = libPods.a; sourceTree = BUILT_PRODUCTS_DIR; };
/* End PBXFileReference section */

/* Begin PBXFrameworksBuildPhase section */
		1DE1AC301B2687D900AB6CC9 /* Frameworks */ = {
			isa = PBXFrameworksBuildPhase;
			buildActionMask = 2147483647;
			files = (
				482DF37BE1B7D7E5A2E54FE0 /* libPods.a in Frameworks */,
			);
			runOnlyForDeploymentPostprocessing = 0;
		};
		1DE1AC491B2687D900AB6CC9 /* Frameworks */ = {
			isa = PBXFrameworksBuildPhase;
			buildActionMask = 2147483647;
			files = (
			);
			runOnlyForDeploymentPostprocessing = 0;
		};
/* End PBXFrameworksBuildPhase section */

/* Begin PBXGroup section */
		1D520E801B2E80A100E5E5DE /* OnLineTest */ = {
			isa = PBXGroup;
			children = (
				1D520E8E1B2E895900E5E5DE /* NEUOnLineTest.storyboard */,
			);
			name = OnLineTest;
			sourceTree = "<group>";
		};
		1D520E811B2E80B700E5E5DE /* OnLineStudy */ = {
			isa = PBXGroup;
			children = (
				1D520E971B2E8A9A00E5E5DE /* OnLineStudy */,
				1D520E931B2E8A0C00E5E5DE /* OnLineStduyBaseNav */,
				1D520E8C1B2E894800E5E5DE /* NEUOnLineStudy.storyboard */,
			);
			name = OnLineStudy;
			sourceTree = "<group>";
		};
		1D520E821B2E80C200E5E5DE /* OnLineFineWork */ = {
			isa = PBXGroup;
			children = (
				1D520E8A1B2E892700E5E5DE /* NEUOnLineFindWork.storyboard */,
			);
			name = OnLineFineWork;
			sourceTree = "<group>";
		};
		1D520E831B2E80F300E5E5DE /* OnLinePractice */ = {
			isa = PBXGroup;
			children = (
				1D520E881B2E890B00E5E5DE /* NEUOnLinePractice.storyboard */,
			);
			name = OnLinePractice;
			sourceTree = "<group>";
		};
		1D520E841B2E811600E5E5DE /* MainPage */ = {
			isa = PBXGroup;
			children = (
				1D520E851B2E814E00E5E5DE /* NEUMainPageViewController.h */,
				1D520E861B2E814E00E5E5DE /* NEUMainPageViewController.m */,
			);
			name = MainPage;
			sourceTree = "<group>";
		};
		1D520E931B2E8A0C00E5E5DE /* OnLineStduyBaseNav */ = {
			isa = PBXGroup;
			children = (
				1D520E941B2E8A4100E5E5DE /* NEUOnLineStudyBaseNavController.h */,
				1D520E951B2E8A4100E5E5DE /* NEUOnLineStudyBaseNavController.m */,
			);
			name = OnLineStduyBaseNav;
			sourceTree = "<group>";
		};
		1D520E971B2E8A9A00E5E5DE /* OnLineStudy */ = {
			isa = PBXGroup;
			children = (
				1D520E981B2E8AD500E5E5DE /* NEUOnLineStduyViewController.h */,
				1D520E991B2E8AD500E5E5DE /* NEUOnLineStduyViewController.m */,
			);
			name = OnLineStudy;
			sourceTree = "<group>";
		};
		1D968B571B26EEF70054F071 /* common */ = {
			isa = PBXGroup;
			children = (
				1D968B831B27A38B0054F071 /* CommonHeader */,
				1D968B751B278E400054F071 /* CoreDataStorage */,
				1D968B731B278CEE0054F071 /* Constants */,
				1D968B6F1B26F18E0054F071 /* FileHelper */,
				1D968B581B26EEF70054F071 /* Networking */,
			);
			path = common;
			sourceTree = "<group>";
		};
		1D968B581B26EEF70054F071 /* Networking */ = {
			isa = PBXGroup;
			children = (
				1D968B591B26EEF70054F071 /* AFAppDotNetAPIClient.h */,
				1D968B5A1B26EEF70054F071 /* AFAppDotNetAPIClient.m */,
				1D968B5B1B26EEF70054F071 /* AFNetworkActivityLogger.h */,
				1D968B5C1B26EEF70054F071 /* AFNetworkActivityLogger.m */,
				1D968B5D1B26EEF70054F071 /* JSONHelper.h */,
				1D968B5E1B26EEF70054F071 /* JSONHelper.m */,
				1D968B5F1B26EEF70054F071 /* NetworkHelper.h */,
				1D968B601B26EEF70054F071 /* NetworkHelper.m */,
			);
			path = Networking;
			sourceTree = "<group>";
		};
		1D968B611B26EEF70054F071 /* opensource */ = {
			isa = PBXGroup;
			children = (
			);
			path = opensource;
			sourceTree = "<group>";
		};
		1D968B621B26EEF70054F071 /* source */ = {
			isa = PBXGroup;
			children = (
				1D968B881B2819030054F071 /* Tools */,
				1D968B7D1B279A070054F071 /* CommonModel */,
				1D968B7C1B2799CB0054F071 /* BaseClass */,
				1D968B631B26EEF70054F071 /* UI */,
			);
			path = source;
			sourceTree = "<group>";
		};
		1D968B631B26EEF70054F071 /* UI */ = {
			isa = PBXGroup;
			children = (
				1D520E841B2E811600E5E5DE /* MainPage */,
				1D520E831B2E80F300E5E5DE /* OnLinePractice */,
				1D520E821B2E80C200E5E5DE /* OnLineFineWork */,
				1D520E811B2E80B700E5E5DE /* OnLineStudy */,
				1D520E801B2E80A100E5E5DE /* OnLineTest */,
				1D968B641B26EEF70054F071 /* Logon */,
			);
			path = UI;
			sourceTree = "<group>";
		};
		1D968B641B26EEF70054F071 /* Logon */ = {
			isa = PBXGroup;
			children = (
				1D968B6B1B26EF0A0054F071 /* Controller */,
				1D968B651B26EEF70054F071 /* Model */,
				1D968B661B26EEF70054F071 /* Views */,
			);
			path = Logon;
			sourceTree = "<group>";
		};
		1D968B651B26EEF70054F071 /* Model */ = {
			isa = PBXGroup;
			children = (
			);
			path = Model;
			sourceTree = "<group>";
		};
		1D968B661B26EEF70054F071 /* Views */ = {
			isa = PBXGroup;
			children = (
			);
			path = Views;
			sourceTree = "<group>";
		};
		1D968B6B1B26EF0A0054F071 /* Controller */ = {
			isa = PBXGroup;
			children = (
				1D968B6C1B26EF2B0054F071 /* NEULogonViewController.h */,
				1D968B6D1B26EF2B0054F071 /* NEULogonViewController.m */,
			);
			name = Controller;
			sourceTree = "<group>";
		};
		1D968B6F1B26F18E0054F071 /* FileHelper */ = {
			isa = PBXGroup;
			children = (
				1D968B701B26F18E0054F071 /* FileManagerHelper.h */,
				1D968B711B26F18E0054F071 /* FileManagerHelper.m */,
			);
			path = FileHelper;
			sourceTree = "<group>";
		};
		1D968B731B278CEE0054F071 /* Constants */ = {
			isa = PBXGroup;
			children = (
				1D968B741B278CEE0054F071 /* Constants.h */,
			);
			path = Constants;
			sourceTree = "<group>";
		};
		1D968B751B278E400054F071 /* CoreDataStorage */ = {
			isa = PBXGroup;
			children = (
				1D968B761B278E400054F071 /* CoreDataStorageController.h */,
				1D968B771B278E400054F071 /* CoreDataStorageController.m */,
			);
			path = CoreDataStorage;
			sourceTree = "<group>";
		};
		1D968B7C1B2799CB0054F071 /* BaseClass */ = {
			isa = PBXGroup;
			children = (
				1D968B851B27ECFD0054F071 /* NEUBaseViewController.h */,
				1D968B861B27ECFD0054F071 /* NEUBaseViewController.m */,
				1D520E7D1B2E807A00E5E5DE /* NEUBaseTabBarController.h */,
				1D520E7E1B2E807A00E5E5DE /* NEUBaseTabBarController.m */,
				1D520E901B2E8A0200E5E5DE /* NEUBaseNavigationController.h */,
				1D520E911B2E8A0200E5E5DE /* NEUBaseNavigationController.m */,
			);
			name = BaseClass;
			sourceTree = "<group>";
		};
		1D968B7D1B279A070054F071 /* CommonModel */ = {
			isa = PBXGroup;
			children = (
				1D968B7E1B279A2F0054F071 /* ClassStudyRecord.h */,
				1D968B7F1B279A2F0054F071 /* ClassStudyRecord.m */,
			);
			name = CommonModel;
			sourceTree = "<group>";
		};
		1D968B831B27A38B0054F071 /* CommonHeader */ = {
			isa = PBXGroup;
			children = (
				1D968B841B27A38B0054F071 /* NEULog.h */,
			);
			path = CommonHeader;
			sourceTree = "<group>";
		};
		1D968B881B2819030054F071 /* Tools */ = {
			isa = PBXGroup;
			children = (
				1D968B891B28192F0054F071 /* NEUWebRequestTool.h */,
				1D968B8A1B28192F0054F071 /* NEUWebRequestTool.m */,
				1D968B8C1B2819F40054F071 /* NEUWebAPI.h */,
			);
			name = Tools;
			sourceTree = "<group>";
		};
		1DE1AC2A1B2687D900AB6CC9 = {
			isa = PBXGroup;
			children = (
				1DE1AC351B2687D900AB6CC9 /* RuidaoOnlineDemo */,
				1DE1AC4F1B2687D900AB6CC9 /* RuidaoOnlineDemoTests */,
				1DE1AC341B2687D900AB6CC9 /* Products */,
				4571B6E5FB590E72962BF8B4 /* Pods */,
				1F97D82E4A409630AC835A1C /* Frameworks */,
			);
			sourceTree = "<group>";
		};
		1DE1AC341B2687D900AB6CC9 /* Products */ = {
			isa = PBXGroup;
			children = (
				1DE1AC331B2687D900AB6CC9 /* RuidaoOnlineDemo.app */,
				1DE1AC4C1B2687D900AB6CC9 /* RuidaoOnlineDemoTests.xctest */,
			);
			name = Products;
			sourceTree = "<group>";
		};
		1DE1AC351B2687D900AB6CC9 /* RuidaoOnlineDemo */ = {
			isa = PBXGroup;
			children = (
				1D968B571B26EEF70054F071 /* common */,
				1D968B611B26EEF70054F071 /* opensource */,
				1D968B621B26EEF70054F071 /* source */,
				1DE1AC3A1B2687D900AB6CC9 /* AppDelegate.h */,
				1DE1AC3B1B2687D900AB6CC9 /* AppDelegate.m */,
				1DE1AC401B2687D900AB6CC9 /* Main.storyboard */,
				1DE1AC431B2687D900AB6CC9 /* Images.xcassets */,
				1DE1AC361B2687D900AB6CC9 /* Supporting Files */,
				1D968B791B2798E50054F071 /* NEUStudyRecord.xcdatamodeld */,
			);
			path = RuidaoOnlineDemo;
			sourceTree = "<group>";
		};
		1DE1AC361B2687D900AB6CC9 /* Supporting Files */ = {
			isa = PBXGroup;
			children = (
				1DE1AC371B2687D900AB6CC9 /* Info.plist */,
				1DE1AC381B2687D900AB6CC9 /* main.m */,
			);
			name = "Supporting Files";
			sourceTree = "<group>";
		};
		1DE1AC4F1B2687D900AB6CC9 /* RuidaoOnlineDemoTests */ = {
			isa = PBXGroup;
			children = (
				1DE1AC521B2687D900AB6CC9 /* RuidaoOnlineDemoTests.m */,
				1DE1AC501B2687D900AB6CC9 /* Supporting Files */,
			);
			path = RuidaoOnlineDemoTests;
			sourceTree = "<group>";
		};
		1DE1AC501B2687D900AB6CC9 /* Supporting Files */ = {
			isa = PBXGroup;
			children = (
				1DE1AC511B2687D900AB6CC9 /* Info.plist */,
			);
			name = "Supporting Files";
			sourceTree = "<group>";
		};
		1F97D82E4A409630AC835A1C /* Frameworks */ = {
			isa = PBXGroup;
			children = (
				D29DC1417F17B4DF62EA24FE /* libPods.a */,
			);
			name = Frameworks;
			sourceTree = "<group>";
		};
		4571B6E5FB590E72962BF8B4 /* Pods */ = {
			isa = PBXGroup;
			children = (
				62BBBEDBE1769106734605F4 /* Pods.debug.xcconfig */,
				5031D42588ABCBB70D4CC33B /* Pods.release.xcconfig */,
			);
			name = Pods;
			sourceTree = "<group>";
		};
/* End PBXGroup section */

/* Begin PBXNativeTarget section */
		1DE1AC321B2687D900AB6CC9 /* RuidaoOnlineDemo */ = {
			isa = PBXNativeTarget;
			buildConfigurationList = 1DE1AC561B2687D900AB6CC9 /* Build configuration list for PBXNativeTarget "RuidaoOnlineDemo" */;
			buildPhases = (
				8D7C9E9B8CB3D518418F4B11 /* Check Pods Manifest.lock */,
				1DE1AC2F1B2687D900AB6CC9 /* Sources */,
				1DE1AC301B2687D900AB6CC9 /* Frameworks */,
				1DE1AC311B2687D900AB6CC9 /* Resources */,
				7F49E6F944362ED1BF873586 /* Copy Pods Resources */,
			);
			buildRules = (
			);
			dependencies = (
			);
			name = RuidaoOnlineDemo;
			productName = RuidaoOnlineDemo;
			productReference = 1DE1AC331B2687D900AB6CC9 /* RuidaoOnlineDemo.app */;
			productType = "com.apple.product-type.application";
		};
		1DE1AC4B1B2687D900AB6CC9 /* RuidaoOnlineDemoTests */ = {
			isa = PBXNativeTarget;
			buildConfigurationList = 1DE1AC591B2687D900AB6CC9 /* Build configuration list for PBXNativeTarget "RuidaoOnlineDemoTests" */;
			buildPhases = (
				1DE1AC481B2687D900AB6CC9 /* Sources */,
				1DE1AC491B2687D900AB6CC9 /* Frameworks */,
				1DE1AC4A1B2687D900AB6CC9 /* Resources */,
			);
			buildRules = (
			);
			dependencies = (
				1DE1AC4E1B2687D900AB6CC9 /* PBXTargetDependency */,
			);
			name = RuidaoOnlineDemoTests;
			productName = RuidaoOnlineDemoTests;
			productReference = 1DE1AC4C1B2687D900AB6CC9 /* RuidaoOnlineDemoTests.xctest */;
			productType = "com.apple.product-type.bundle.unit-test";
		};
/* End PBXNativeTarget section */

/* Begin PBXProject section */
		1DE1AC2B1B2687D900AB6CC9 /* Project object */ = {
			isa = PBXProject;
			attributes = {
				LastUpgradeCheck = 0630;
				ORGANIZATIONNAME = hegf;
				TargetAttributes = {
					1DE1AC321B2687D900AB6CC9 = {
						CreatedOnToolsVersion = 6.3.2;
					};
					1DE1AC4B1B2687D900AB6CC9 = {
						CreatedOnToolsVersion = 6.3.2;
						TestTargetID = 1DE1AC321B2687D900AB6CC9;
					};
				};
			};
			buildConfigurationList = 1DE1AC2E1B2687D900AB6CC9 /* Build configuration list for PBXProject "RuidaoOnlineDemo" */;
			compatibilityVersion = "Xcode 3.2";
			developmentRegion = English;
			hasScannedForEncodings = 0;
			knownRegions = (
				en,
				Base,
			);
			mainGroup = 1DE1AC2A1B2687D900AB6CC9;
			productRefGroup = 1DE1AC341B2687D900AB6CC9 /* Products */;
			projectDirPath = "";
			projectRoot = "";
			targets = (
				1DE1AC321B2687D900AB6CC9 /* RuidaoOnlineDemo */,
				1DE1AC4B1B2687D900AB6CC9 /* RuidaoOnlineDemoTests */,
			);
		};
/* End PBXProject section */

/* Begin PBXResourcesBuildPhase section */
		1DE1AC311B2687D900AB6CC9 /* Resources */ = {
			isa = PBXResourcesBuildPhase;
			buildActionMask = 2147483647;
			files = (
				1D520E8B1B2E892700E5E5DE /* NEUOnLineFindWork.storyboard in Resources */,
				1DE1AC421B2687D900AB6CC9 /* Main.storyboard in Resources */,
				1D520E891B2E890B00E5E5DE /* NEUOnLinePractice.storyboard in Resources */,
				1DE1AC441B2687D900AB6CC9 /* Images.xcassets in Resources */,
				1D520E8F1B2E895900E5E5DE /* NEUOnLineTest.storyboard in Resources */,
				1D520E8D1B2E894800E5E5DE /* NEUOnLineStudy.storyboard in Resources */,
			);
			runOnlyForDeploymentPostprocessing = 0;
		};
		1DE1AC4A1B2687D900AB6CC9 /* Resources */ = {
			isa = PBXResourcesBuildPhase;
			buildActionMask = 2147483647;
			files = (
			);
			runOnlyForDeploymentPostprocessing = 0;
		};
/* End PBXResourcesBuildPhase section */

/* Begin PBXShellScriptBuildPhase section */
		7F49E6F944362ED1BF873586 /* Copy Pods Resources */ = {
			isa = PBXShellScriptBuildPhase;
			buildActionMask = 2147483647;
			files = (
			);
			inputPaths = (
			);
			name = "Copy Pods Resources";
			outputPaths = (
			);
			runOnlyForDeploymentPostprocessing = 0;
			shellPath = /bin/sh;
			shellScript = "\"${SRCROOT}/Pods/Target Support Files/Pods/Pods-resources.sh\"\n";
			showEnvVarsInLog = 0;
		};
		8D7C9E9B8CB3D518418F4B11 /* Check Pods Manifest.lock */ = {
			isa = PBXShellScriptBuildPhase;
			buildActionMask = 2147483647;
			files = (
			);
			inputPaths = (
			);
			name = "Check Pods Manifest.lock";
			outputPaths = (
			);
			runOnlyForDeploymentPostprocessing = 0;
			shellPath = /bin/sh;
			shellScript = "diff \"${PODS_ROOT}/../Podfile.lock\" \"${PODS_ROOT}/Manifest.lock\" > /dev/null\nif [[ $? != 0 ]] ; then\n    cat << EOM\nerror: The sandbox is not in sync with the Podfile.lock. Run 'pod install' or update your CocoaPods installation.\nEOM\n    exit 1\nfi\n";
			showEnvVarsInLog = 0;
		};
/* End PBXShellScriptBuildPhase section */

/* Begin PBXSourcesBuildPhase section */
		1DE1AC2F1B2687D900AB6CC9 /* Sources */ = {
			isa = PBXSourcesBuildPhase;
			buildActionMask = 2147483647;
			files = (
				1D968B691B26EEF70054F071 /* JSONHelper.m in Sources */,
				1D520E7F1B2E807A00E5E5DE /* NEUBaseTabBarController.m in Sources */,
				1D968B721B26F18E0054F071 /* FileManagerHelper.m in Sources */,
				1D520E871B2E814E00E5E5DE /* NEUMainPageViewController.m in Sources */,
				1DE1AC3C1B2687D900AB6CC9 /* AppDelegate.m in Sources */,
				1D968B801B279A2F0054F071 /* ClassStudyRecord.m in Sources */,
				1D968B871B27ECFD0054F071 /* NEUBaseViewController.m in Sources */,
				1D968B8B1B28192F0054F071 /* NEUWebRequestTool.m in Sources */,
				1D968B6A1B26EEF70054F071 /* NetworkHelper.m in Sources */,
				1D968B671B26EEF70054F071 /* AFAppDotNetAPIClient.m in Sources */,
				1D520E9A1B2E8AD500E5E5DE /* NEUOnLineStduyViewController.m in Sources */,
				1D968B7B1B2798E50054F071 /* NEUStudyRecord.xcdatamodeld in Sources */,
				1D968B681B26EEF70054F071 /* AFNetworkActivityLogger.m in Sources */,
				1D968B6E1B26EF2B0054F071 /* NEULogonViewController.m in Sources */,
				1D968B781B278E400054F071 /* CoreDataStorageController.m in Sources */,
				1DE1AC391B2687D900AB6CC9 /* main.m in Sources */,
				1D520E961B2E8A4100E5E5DE /* NEUOnLineStudyBaseNavController.m in Sources */,
				1D520E921B2E8A0200E5E5DE /* NEUBaseNavigationController.m in Sources */,
			);
			runOnlyForDeploymentPostprocessing = 0;
		};
		1DE1AC481B2687D900AB6CC9 /* Sources */ = {
			isa = PBXSourcesBuildPhase;
			buildActionMask = 2147483647;
			files = (
				1DE1AC531B2687D900AB6CC9 /* RuidaoOnlineDemoTests.m in Sources */,
			);
			runOnlyForDeploymentPostprocessing = 0;
		};
/* End PBXSourcesBuildPhase section */

/* Begin PBXTargetDependency section */
		1DE1AC4E1B2687D900AB6CC9 /* PBXTargetDependency */ = {
			isa = PBXTargetDependency;
			target = 1DE1AC321B2687D900AB6CC9 /* RuidaoOnlineDemo */;
			targetProxy = 1DE1AC4D1B2687D900AB6CC9 /* PBXContainerItemProxy */;
		};
/* End PBXTargetDependency section */

/* Begin PBXVariantGroup section */
		1DE1AC401B2687D900AB6CC9 /* Main.storyboard */ = {
			isa = PBXVariantGroup;
			children = (
				1DE1AC411B2687D900AB6CC9 /* Base */,
			);
			name = Main.storyboard;
			sourceTree = "<group>";
		};
/* End PBXVariantGroup section */

/* Begin XCBuildConfiguration section */
		1DE1AC541B2687D900AB6CC9 /* Debug */ = {
			isa = XCBuildConfiguration;
			buildSettings = {
				ALWAYS_SEARCH_USER_PATHS = NO;
				CLANG_CXX_LANGUAGE_STANDARD = "gnu++0x";
				CLANG_CXX_LIBRARY = "libc++";
				CLANG_ENABLE_MODULES = YES;
				CLANG_ENABLE_OBJC_ARC = YES;
				CLANG_WARN_BOOL_CONVERSION = YES;
				CLANG_WARN_CONSTANT_CONVERSION = YES;
				CLANG_WARN_DIRECT_OBJC_ISA_USAGE = YES_ERROR;
				CLANG_WARN_EMPTY_BODY = YES;
				CLANG_WARN_ENUM_CONVERSION = YES;
				CLANG_WARN_INT_CONVERSION = YES;
				CLANG_WARN_OBJC_ROOT_CLASS = YES_ERROR;
				CLANG_WARN_UNREACHABLE_CODE = YES;
				CLANG_WARN__DUPLICATE_METHOD_MATCH = YES;
				"CODE_SIGN_IDENTITY[sdk=iphoneos*]" = "iPhone Developer";
				COPY_PHASE_STRIP = NO;
				DEBUG_INFORMATION_FORMAT = "dwarf-with-dsym";
				ENABLE_STRICT_OBJC_MSGSEND = YES;
				GCC_C_LANGUAGE_STANDARD = gnu99;
				GCC_DYNAMIC_NO_PIC = NO;
				GCC_NO_COMMON_BLOCKS = YES;
				GCC_OPTIMIZATION_LEVEL = 0;
				GCC_PREPROCESSOR_DEFINITIONS = (
					"DEBUG=1",
					"$(inherited)",
				);
				GCC_SYMBOLS_PRIVATE_EXTERN = NO;
				GCC_WARN_64_TO_32_BIT_CONVERSION = YES;
				GCC_WARN_ABOUT_RETURN_TYPE = YES_ERROR;
				GCC_WARN_UNDECLARED_SELECTOR = YES;
				GCC_WARN_UNINITIALIZED_AUTOS = YES_AGGRESSIVE;
				GCC_WARN_UNUSED_FUNCTION = YES;
				GCC_WARN_UNUSED_VARIABLE = YES;
				IPHONEOS_DEPLOYMENT_TARGET = 8.3;
				MTL_ENABLE_DEBUG_INFO = YES;
				ONLY_ACTIVE_ARCH = YES;
				SDKROOT = iphoneos;
				TARGETED_DEVICE_FAMILY = "1,2";
			};
			name = Debug;
		};
		1DE1AC551B2687D900AB6CC9 /* Release */ = {
			isa = XCBuildConfiguration;
			buildSettings = {
				ALWAYS_SEARCH_USER_PATHS = NO;
				CLANG_CXX_LANGUAGE_STANDARD = "gnu++0x";
				CLANG_CXX_LIBRARY = "libc++";
				CLANG_ENABLE_MODULES = YES;
				CLANG_ENABLE_OBJC_ARC = YES;
				CLANG_WARN_BOOL_CONVERSION = YES;
				CLANG_WARN_CONSTANT_CONVERSION = YES;
				CLANG_WARN_DIRECT_OBJC_ISA_USAGE = YES_ERROR;
				CLANG_WARN_EMPTY_BODY = YES;
				CLANG_WARN_ENUM_CONVERSION = YES;
				CLANG_WARN_INT_CONVERSION = YES;
				CLANG_WARN_OBJC_ROOT_CLASS = YES_ERROR;
				CLANG_WARN_UNREACHABLE_CODE = YES;
				CLANG_WARN__DUPLICATE_METHOD_MATCH = YES;
				"CODE_SIGN_IDENTITY[sdk=iphoneos*]" = "iPhone Developer";
				COPY_PHASE_STRIP = NO;
				DEBUG_INFORMATION_FORMAT = "dwarf-with-dsym";
				ENABLE_NS_ASSERTIONS = NO;
				ENABLE_STRICT_OBJC_MSGSEND = YES;
				GCC_C_LANGUAGE_STANDARD = gnu99;
				GCC_NO_COMMON_BLOCKS = YES;
				GCC_WARN_64_TO_32_BIT_CONVERSION = YES;
				GCC_WARN_ABOUT_RETURN_TYPE = YES_ERROR;
				GCC_WARN_UNDECLARED_SELECTOR = YES;
				GCC_WARN_UNINITIALIZED_AUTOS = YES_AGGRESSIVE;
				GCC_WARN_UNUSED_FUNCTION = YES;
				GCC_WARN_UNUSED_VARIABLE = YES;
				IPHONEOS_DEPLOYMENT_TARGET = 8.3;
				MTL_ENABLE_DEBUG_INFO = NO;
				SDKROOT = iphoneos;
				TARGETED_DEVICE_FAMILY = "1,2";
				VALIDATE_PRODUCT = YES;
			};
			name = Release;
		};
		1DE1AC571B2687D900AB6CC9 /* Debug */ = {
			isa = XCBuildConfiguration;
			baseConfigurationReference = 62BBBEDBE1769106734605F4 /* Pods.debug.xcconfig */;
			buildSettings = {
				ASSETCATALOG_COMPILER_APPICON_NAME = AppIcon;
				ASSETCATALOG_COMPILER_LAUNCHIMAGE_NAME = LaunchImage;
				INFOPLIST_FILE = RuidaoOnlineDemo/Info.plist;
				LD_RUNPATH_SEARCH_PATHS = "$(inherited) @executable_path/Frameworks";
				PRODUCT_NAME = "$(TARGET_NAME)";
			};
			name = Debug;
		};
		1DE1AC581B2687D900AB6CC9 /* Release */ = {
			isa = XCBuildConfiguration;
			baseConfigurationReference = 5031D42588ABCBB70D4CC33B /* Pods.release.xcconfig */;
			buildSettings = {
				ASSETCATALOG_COMPILER_APPICON_NAME = AppIcon;
				ASSETCATALOG_COMPILER_LAUNCHIMAGE_NAME = LaunchImage;
				INFOPLIST_FILE = RuidaoOnlineDemo/Info.plist;
				LD_RUNPATH_SEARCH_PATHS = "$(inherited) @executable_path/Frameworks";
				PRODUCT_NAME = "$(TARGET_NAME)";
			};
			name = Release;
		};
		1DE1AC5A1B2687D900AB6CC9 /* Debug */ = {
			isa = XCBuildConfiguration;
			buildSettings = {
				BUNDLE_LOADER = "$(TEST_HOST)";
				FRAMEWORK_SEARCH_PATHS = (
					"$(SDKROOT)/Developer/Library/Frameworks",
					"$(inherited)",
				);
				GCC_PREPROCESSOR_DEFINITIONS = (
					"DEBUG=1",
					"$(inherited)",
				);
				INFOPLIST_FILE = RuidaoOnlineDemoTests/Info.plist;
				LD_RUNPATH_SEARCH_PATHS = "$(inherited) @executable_path/Frameworks @loader_path/Frameworks";
				PRODUCT_NAME = "$(TARGET_NAME)";
				TEST_HOST = "$(BUILT_PRODUCTS_DIR)/RuidaoOnlineDemo.app/RuidaoOnlineDemo";
			};
			name = Debug;
		};
		1DE1AC5B1B2687D900AB6CC9 /* Release */ = {
			isa = XCBuildConfiguration;
			buildSettings = {
				BUNDLE_LOADER = "$(TEST_HOST)";
				FRAMEWORK_SEARCH_PATHS = (
					"$(SDKROOT)/Developer/Library/Frameworks",
					"$(inherited)",
				);
				INFOPLIST_FILE = RuidaoOnlineDemoTests/Info.plist;
				LD_RUNPATH_SEARCH_PATHS = "$(inherited) @executable_path/Frameworks @loader_path/Frameworks";
				PRODUCT_NAME = "$(TARGET_NAME)";
				TEST_HOST = "$(BUILT_PRODUCTS_DIR)/RuidaoOnlineDemo.app/RuidaoOnlineDemo";
			};
			name = Release;
		};
/* End XCBuildConfiguration section */

/* Begin XCConfigurationList section */
		1DE1AC2E1B2687D900AB6CC9 /* Build configuration list for PBXProject "RuidaoOnlineDemo" */ = {
			isa = XCConfigurationList;
			buildConfigurations = (
				1DE1AC541B2687D900AB6CC9 /* Debug */,
				1DE1AC551B2687D900AB6CC9 /* Release */,
			);
			defaultConfigurationIsVisible = 0;
			defaultConfigurationName = Release;
		};
		1DE1AC561B2687D900AB6CC9 /* Build configuration list for PBXNativeTarget "RuidaoOnlineDemo" */ = {
			isa = XCConfigurationList;
			buildConfigurations = (
				1DE1AC571B2687D900AB6CC9 /* Debug */,
				1DE1AC581B2687D900AB6CC9 /* Release */,
			);
			defaultConfigurationIsVisible = 0;
			defaultConfigurationName = Release;
		};
		1DE1AC591B2687D900AB6CC9 /* Build configuration list for PBXNativeTarget "RuidaoOnlineDemoTests" */ = {
			isa = XCConfigurationList;
			buildConfigurations = (
				1DE1AC5A1B2687D900AB6CC9 /* Debug */,
				1DE1AC5B1B2687D900AB6CC9 /* Release */,
			);
			defaultConfigurationIsVisible = 0;
			defaultConfigurationName = Release;
		};
/* End XCConfigurationList section */

/* Begin XCVersionGroup section */
		1D968B791B2798E50054F071 /* NEUStudyRecord.xcdatamodeld */ = {
			isa = XCVersionGroup;
			children = (
				1D968B7A1B2798E50054F071 /* NEUStudyRecord.xcdatamodel */,
			);
			currentVersion = 1D968B7A1B2798E50054F071 /* NEUStudyRecord.xcdatamodel */;
			path = NEUStudyRecord.xcdatamodeld;
			sourceTree = "<group>";
			versionGroupType = wrapper.xcdatamodel;
		};
/* End XCVersionGroup section */
	};
	rootObject = 1DE1AC2B1B2687D900AB6CC9 /* Project object */;
}
